
Microsoft Visual Studio Solution File, Format Version 12.00
# Visual Studio 15
VisualStudioVersion = 15.0.27004.2002
MinimumVisualStudioVersion = 10.0.40219.1
Project("{FAE04EC0-301F-11D3-BF4B-00C04F79EFBC}") = "A20 Ex04 Aviram 300913910 Roni 206317455", "A20 Ex04 Aviram 300913910 Roni 206317455\A20 Ex04 Aviram 300913910 Roni 206317455.csproj", "{8BBD8628-FCAA-412C-9D38-70E9B7BFBEB2}"
EndProject
Project("{FAE04EC0-301F-11D3-BF4B-00C04F79EFBC}") = "Infrastructure", "Infrastructure\Infrastructure.csproj", "{6BDDB5A3-D6CB-4841-AAD7-32787C94F3F3}"
EndProject
Project("{2150E333-8FDC-42A3-9474-1A3956D46DE8}") = "Solution Items", "Solution Items", "{DCCCE10C-5B29-4A8C-BACC-FF53994FFE85}"
	ProjectSection(SolutionItems) = preProject
		A20 Ex04 Aviram 300913910 Roni 206317455.txt = A20 Ex04 Aviram 300913910 Roni 206317455.txt
	EndProjectSection
EndProject
Global
	GlobalSection(SolutionConfigurationPlatforms) = preSolution
		Debug|x86 = Debug|x86
		Release|x86 = Release|x86
	EndGlobalSection
	GlobalSection(ProjectConfigurationPlatforms) = postSolution
		{8BBD8628-FCAA-412C-9D38-70E9B7BFBEB2}.Debug|x86.ActiveCfg = Debug|x86
		{8BBD8628-FCAA-412C-9D38-70E9B7BFBEB2}.Debug|x86.Build.0 = Debug|x86
		{8BBD8628-FCAA-412C-9D38-70E9B7BFBEB2}.Release|x86.ActiveCfg = Release|x86
		{8BBD8628-FCAA-412C-9D38-70E9B7BFBEB2}.Release|x86.Build.0 = Release|x86
		{6BDDB5A3-D6CB-4841-AAD7-32787C94F3F3}.Debug|x86.ActiveCfg = Debug|x86
		{6BDDB5A3-D6CB-4841-AAD7-32787C94F3F3}.Debug|x86.Build.0 = Debug|x86
		{6BDDB5A3-D6CB-4841-AAD7-32787C94F3F3}.Release|x86.ActiveCfg = Release|x86
		{6BDDB5A3-D6CB-4841-AAD7-32787C94F3F3}.Release|x86.Build.0 = Release|x86
	EndGlobalSection
	GlobalSection(SolutionProperties) = preSolution
		HideSolutionNode = FALSE
	EndGlobalSection
	GlobalSection(ExtensibilityGlobals) = postSolution
		SolutionGuid = {95867070-0718-4B44-A9D8-F4462F93BF2F}
	EndGlobalSection
EndGlobal
